
Microsoft Visual Studio Solution File, Format Version 12.00
# Visual Studio Version 17
VisualStudioVersion = 17.11.35222.181
MinimumVisualStudioVersion = 10.0.40219.1
Project("{9A19103F-16F7-4668-BE54-9A1E7A4F7556}") = "Corvus.Nest.Backend", "Corvus.Nest.Backend\Corvus.Nest.Backend.csproj", "{FDB8D053-3C21-4632-BA5F-A00144BF9989}"
EndProject
Global
	GlobalSection(SolutionConfigurationPlatforms) = preSolution
		Debug|Any CPU = Debug|Any CPU
		Release|Any CPU = Release|Any CPU
	EndGlobalSection
	GlobalSection(ProjectConfigurationPlatforms) = postSolution
		{FDB8D053-3C21-4632-BA5F-A00144BF9989}.Debug|Any CPU.ActiveCfg = Debug|Any CPU
		{FDB8D053-3C21-4632-BA5F-A00144BF9989}.Debug|Any CPU.Build.0 = Debug|Any CPU
		{FDB8D053-3C21-4632-BA5F-A00144BF9989}.Release|Any CPU.ActiveCfg = Release|Any CPU
		{FDB8D053-3C21-4632-BA5F-A00144BF9989}.Release|Any CPU.Build.0 = Release|Any CPU
	EndGlobalSection
	GlobalSection(SolutionProperties) = preSolution
		HideSolutionNode = FALSE
	EndGlobalSection
	GlobalSection(ExtensibilityGlobals) = postSolution
		SolutionGuid = {B54AB81A-8CC7-4593-A7E7-369AFC0CBC58}
	EndGlobalSection
EndGlobal
